
Microsoft Visual Studio Solution File, Format Version 12.00
# Visual Studio Version 17
VisualStudioVersion = 17.6.33712.159
MinimumVisualStudioVersion = 10.0.40219.1
Project("{FAE04EC0-301F-11D3-BF4B-00C04F79EFBC}") = "Exam Task 2", "Exam Task 2\Exam Task 2.csproj", "{F3A0078E-CF22-4959-B027-8A7DD7579ED8}"
EndProject
Global
	GlobalSection(SolutionConfigurationPlatforms) = preSolution
		Debug|Any CPU = Debug|Any CPU
		Release|Any CPU = Release|Any CPU
	EndGlobalSection
	GlobalSection(ProjectConfigurationPlatforms) = postSolution
		{F3A0078E-CF22-4959-B027-8A7DD7579ED8}.Debug|Any CPU.ActiveCfg = Debug|Any CPU
		{F3A0078E-CF22-4959-B027-8A7DD7579ED8}.Debug|Any CPU.Build.0 = Debug|Any CPU
		{F3A0078E-CF22-4959-B027-8A7DD7579ED8}.Release|Any CPU.ActiveCfg = Release|Any CPU
		{F3A0078E-CF22-4959-B027-8A7DD7579ED8}.Release|Any CPU.Build.0 = Release|Any CPU
	EndGlobalSection
	GlobalSection(SolutionProperties) = preSolution
		HideSolutionNode = FALSE
	EndGlobalSection
	GlobalSection(ExtensibilityGlobals) = postSolution
		SolutionGuid = {7523157C-0EE3-4C9F-8123-285ED17D37A5}
	EndGlobalSection
EndGlobal
